
Microsoft Visual Studio Solution File, Format Version 12.00
# Visual Studio Version 16
VisualStudioVersion = 16.0.31205.134
MinimumVisualStudioVersion = 10.0.40219.1
Project("{FAE04EC0-301F-11D3-BF4B-00C04F79EFBC}") = "Api", "Api\Api.csproj", "{2BB2770D-8805-4473-A22F-F7F41E5A26FA}"
EndProject
Global
	GlobalSection(SolutionConfigurationPlatforms) = preSolution
		Debug|Any CPU = Debug|Any CPU
		Release|Any CPU = Release|Any CPU
	EndGlobalSection
	GlobalSection(ProjectConfigurationPlatforms) = postSolution
		{2BB2770D-8805-4473-A22F-F7F41E5A26FA}.Debug|Any CPU.ActiveCfg = Debug|Any CPU
		{2BB2770D-8805-4473-A22F-F7F41E5A26FA}.Debug|Any CPU.Build.0 = Debug|Any CPU
		{2BB2770D-8805-4473-A22F-F7F41E5A26FA}.Release|Any CPU.ActiveCfg = Release|Any CPU
		{2BB2770D-8805-4473-A22F-F7F41E5A26FA}.Release|Any CPU.Build.0 = Release|Any CPU
	EndGlobalSection
	GlobalSection(SolutionProperties) = preSolution
		HideSolutionNode = FALSE
	EndGlobalSection
	GlobalSection(ExtensibilityGlobals) = postSolution
		SolutionGuid = {D85CA35E-FB49-40CD-A945-C4347F92B723}
	EndGlobalSection
EndGlobal
